{
    "_meta": {
        "hash": {
            "sha256": "86a7ac0d088570e42821df101a3f2801fcff5ff06815753f5c2ea680dbbb4146"
        },
        "pipfile-spec": 6,
        "requires": {
            "python_version": "3.10"
        },
        "sources": [
            {
                "name": "pypi",
                "url": "https://pypi.org/simple",
                "verify_ssl": true
            }
        ]
    },
    "default": {
        "pysqlite3": {
            "hashes": [
                "sha256:0352864898aa406beb762f4a620594c950a9a4430caab679bce574065698c8ac"
            ],
            "index": "pypi",
            "version": "==0.4.7"
        },
        "sqlite3py": {
            "hashes": [
                "sha256:a0eca27bba548ac45bea1019be3c668c25878e61578e425d5964a4a542b85595"
            ],
            "index": "pypi",
            "version": "==2.0.0"
        }
    },
    "develop": {}
}
